
Microsoft Visual Studio Solution File, Format Version 12.00
# Visual Studio Version 17
VisualStudioVersion = 17.11.35312.102
MinimumVisualStudioVersion = 10.0.40219.1
Project("{9A19103F-16F7-4668-BE54-9A1E7A4F7556}") = "SiparisApp.Server", "Server\SiparisApp.Server.csproj", "{619E55D4-055B-4282-B852-9320968DC25A}"
EndProject
Project("{9A19103F-16F7-4668-BE54-9A1E7A4F7556}") = "SiparisApp.Client", "Client\SiparisApp.Client.csproj", "{1F6ED596-E6E7-4383-97F9-BF1BD501CA8B}"
EndProject
Project("{9A19103F-16F7-4668-BE54-9A1E7A4F7556}") = "SiparisApp.Shared", "Shared\SiparisApp.Shared.csproj", "{FB603C00-80BD-42E7-A084-FBEFFBC29D74}"
EndProject
Global
	GlobalSection(SolutionConfigurationPlatforms) = preSolution
		Debug|Any CPU = Debug|Any CPU
		Release|Any CPU = Release|Any CPU
	EndGlobalSection
	GlobalSection(ProjectConfigurationPlatforms) = postSolution
		{619E55D4-055B-4282-B852-9320968DC25A}.Debug|Any CPU.ActiveCfg = Debug|Any CPU
		{619E55D4-055B-4282-B852-9320968DC25A}.Debug|Any CPU.Build.0 = Debug|Any CPU
		{619E55D4-055B-4282-B852-9320968DC25A}.Release|Any CPU.ActiveCfg = Release|Any CPU
		{619E55D4-055B-4282-B852-9320968DC25A}.Release|Any CPU.Build.0 = Release|Any CPU
		{1F6ED596-E6E7-4383-97F9-BF1BD501CA8B}.Debug|Any CPU.ActiveCfg = Debug|Any CPU
		{1F6ED596-E6E7-4383-97F9-BF1BD501CA8B}.Debug|Any CPU.Build.0 = Debug|Any CPU
		{1F6ED596-E6E7-4383-97F9-BF1BD501CA8B}.Release|Any CPU.ActiveCfg = Release|Any CPU
		{1F6ED596-E6E7-4383-97F9-BF1BD501CA8B}.Release|Any CPU.Build.0 = Release|Any CPU
		{FB603C00-80BD-42E7-A084-FBEFFBC29D74}.Debug|Any CPU.ActiveCfg = Debug|Any CPU
		{FB603C00-80BD-42E7-A084-FBEFFBC29D74}.Debug|Any CPU.Build.0 = Debug|Any CPU
		{FB603C00-80BD-42E7-A084-FBEFFBC29D74}.Release|Any CPU.ActiveCfg = Release|Any CPU
		{FB603C00-80BD-42E7-A084-FBEFFBC29D74}.Release|Any CPU.Build.0 = Release|Any CPU
	EndGlobalSection
	GlobalSection(SolutionProperties) = preSolution
		HideSolutionNode = FALSE
	EndGlobalSection
	GlobalSection(ExtensibilityGlobals) = postSolution
		SolutionGuid = {575794B1-7F23-4708-99E9-3D7889F1A952}
	EndGlobalSection
EndGlobal
